// !$*UTF8*$!
{
	archiveVersion = 1;
	classes = {
	};
	objectVersion = 46;
	objects = {

/* Begin PBXBuildFile section */
		0BD46C11147E9A8F00C3DFCF /* UIKit.framework in Frameworks */ = {isa = PBXBuildFile; fileRef = 0BD46C10147E9A8F00C3DFCF /* UIKit.framework */; };
		0BD46C13147E9A8F00C3DFCF /* Foundation.framework in Frameworks */ = {isa = PBXBuildFile; fileRef = 0BD46C12147E9A8F00C3DFCF /* Foundation.framework */; };
		0BD46C15147E9A8F00C3DFCF /* CoreGraphics.framework in Frameworks */ = {isa = PBXBuildFile; fileRef = 0BD46C14147E9A8F00C3DFCF /* CoreGraphics.framework */; };
		0BD46C1B147E9A8F00C3DFCF /* InfoPlist.strings in Resources */ = {isa = PBXBuildFile; fileRef = 0BD46C19147E9A8F00C3DFCF /* InfoPlist.strings */; };
		0BD46C1D147E9A8F00C3DFCF /* main.m in Sources */ = {isa = PBXBuildFile; fileRef = 0BD46C1C147E9A8F00C3DFCF /* main.m */; };
		0BD46C21147E9A8F00C3DFCF /* AppDelegate.m in Sources */ = {isa = PBXBuildFile; fileRef = 0BD46C20147E9A8F00C3DFCF /* AppDelegate.m */; };
/* End PBXBuildFile section */

/* Begin PBXFileReference section */
		0BD46C0C147E9A8F00C3DFCF /* MobileTutsBlockEnumerationExample.app */ = {isa = PBXFileReference; explicitFileType = wrapper.application; includeInIndex = 0; path = MobileTutsBlockEnumerationExample.app; sourceTree = BUILT_PRODUCTS_DIR; };
		0BD46C10147E9A8F00C3DFCF /* UIKit.framework */ = {isa = PBXFileReference; lastKnownFileType = wrapper.framework; name = UIKit.framework; path = System/Library/Frameworks/UIKit.framework; sourceTree = SDKROOT; };
		0BD46C12147E9A8F00C3DFCF /* Foundation.framework */ = {isa = PBXFileReference; lastKnownFileType = wrapper.framework; name = Foundation.framework; path = System/Library/Frameworks/Foundation.framework; sourceTree = SDKROOT; };
		0BD46C14147E9A8F00C3DFCF /* CoreGraphics.framework */ = {isa = PBXFileReference; lastKnownFileType = wrapper.framework; name = CoreGraphics.framework; path = System/Library/Frameworks/CoreGraphics.framework; sourceTree = SDKROOT; };
		0BD46C18147E9A8F00C3DFCF /* MobileTutsBlockEnumerationExample-Info.plist */ = {isa = PBXFileReference; path = "MobileTutsBlockEnumerationExample-Info.plist"; sourceTree = "<group>"; };
		0BD46C1A147E9A8F00C3DFCF /* en */ = {isa = PBXFileReference; lastKnownFileType = text.plist.strings; name = en; path = en.lproj/InfoPlist.strings; sourceTree = "<group>"; };
		0BD46C1C147E9A8F00C3DFCF /* main.m */ = {isa = PBXFileReference; lastKnownFileType = sourcecode.c.objc; path = main.m; sourceTree = "<group>"; };
		0BD46C1E147E9A8F00C3DFCF /* MobileTutsBlockEnumerationExample-Prefix.pch */ = {isa = PBXFileReference; path = "MobileTutsBlockEnumerationExample-Prefix.pch"; sourceTree = "<group>"; };
		0BD46C1F147E9A8F00C3DFCF /* AppDelegate.h */ = {isa = PBXFileReference; path = AppDelegate.h; sourceTree = "<group>"; };
		0BD46C20147E9A8F00C3DFCF /* AppDelegate.m */ = {isa = PBXFileReference; lastKnownFileType = sourcecode.c.objc; path = AppDelegate.m; sourceTree = "<group>"; };
/* End PBXFileReference section */

/* Begin PBXFrameworksBuildPhase section */
		0BD46C09147E9A8E00C3DFCF /* Frameworks */ = {
			isa = PBXFrameworksBuildPhase;
			buildActionMask = 2147483647;
			files = (
				0BD46C11147E9A8F00C3DFCF /* UIKit.framework in Frameworks */,
				0BD46C13147E9A8F00C3DFCF /* Foundation.framework in Frameworks */,
				0BD46C15147E9A8F00C3DFCF /* CoreGraphics.framework in Frameworks */,
			);
			runOnlyForDeploymentPostprocessing = 0;
		};
/* End PBXFrameworksBuildPhase section */

/* Begin PBXGroup section */
		0BD46C01147E9A8E00C3DFCF = {
			isa = PBXGroup;
			children = (
				0BD46C16147E9A8F00C3DFCF /* MobileTutsBlockEnumerationExample */,
				0BD46C0F147E9A8F00C3DFCF /* Frameworks */,
				0BD46C0D147E9A8F00C3DFCF /* Products */,
			);
			sourceTree = "<group>";
		};
		0BD46C0D147E9A8F00C3DFCF /* Products */ = {
			isa = PBXGroup;
			children = (
				0BD46C0C147E9A8F00C3DFCF /* MobileTutsBlockEnumerationExample.app */,
			);
			name = Products;
			sourceTree = "<group>";
		};
		0BD46C0F147E9A8F00C3DFCF /* Frameworks */ = {
			isa = PBXGroup;
			children = (
				0BD46C10147E9A8F00C3DFCF /* UIKit.framework */,
				0BD46C12147E9A8F00C3DFCF /* Foundation.framework */,
				0BD46C14147E9A8F00C3DFCF /* CoreGraphics.framework */,
			);
			name = Frameworks;
			sourceTree = "<group>";
		};
		0BD46C16147E9A8F00C3DFCF /* MobileTutsBlockEnumerationExample */ = {
			isa = PBXGroup;
			children = (
				0BD46C1F147E9A8F00C3DFCF /* AppDelegate.h */,
				0BD46C20147E9A8F00C3DFCF /* AppDelegate.m */,
				0BD46C17147E9A8F00C3DFCF /* Supporting Files */,
			);
			path = MobileTutsBlockEnumerationExample;
			sourceTree = "<group>";
		};
		0BD46C17147E9A8F00C3DFCF /* Supporting Files */ = {
			isa = PBXGroup;
			children = (
				0BD46C18147E9A8F00C3DFCF /* MobileTutsBlockEnumerationExample-Info.plist */,
				0BD46C19147E9A8F00C3DFCF /* InfoPlist.strings */,
				0BD46C1C147E9A8F00C3DFCF /* main.m */,
				0BD46C1E147E9A8F00C3DFCF /* MobileTutsBlockEnumerationExample-Prefix.pch */,
			);
			name = "Supporting Files";
			sourceTree = "<group>";
		};
/* End PBXGroup section */

/* Begin PBXNativeTarget section */
		0BD46C0B147E9A8E00C3DFCF /* MobileTutsBlockEnumerationExample */ = {
			isa = PBXNativeTarget;
			buildConfigurationList = 0BD46C24147E9A8F00C3DFCF /* Build configuration list for PBXNativeTarget "MobileTutsBlockEnumerationExample" */;
			buildPhases = (
				0BD46C08147E9A8E00C3DFCF /* Sources */,
				0BD46C09147E9A8E00C3DFCF /* Frameworks */,
				0BD46C0A147E9A8E00C3DFCF /* Resources */,
			);
			buildRules = (
			);
			dependencies = (
			);
			name = MobileTutsBlockEnumerationExample;
			productName = MobileTutsBlockEnumerationExample;
			productReference = 0BD46C0C147E9A8F00C3DFCF /* MobileTutsBlockEnumerationExample.app */;
			productType = "com.apple.product-type.application";
		};
/* End PBXNativeTarget section */

/* Begin PBXProject section */
		0BD46C03147E9A8E00C3DFCF /* Project object */ = {
			isa = PBXProject;
			attributes = {
				LastUpgradeCheck = 0420;
				ORGANIZATIONNAME = "ELC Technologies";
			};
			buildConfigurationList = 0BD46C06147E9A8E00C3DFCF /* Build configuration list for PBXProject "MobileTutsBlockEnumerationExample" */;
			compatibilityVersion = "Xcode 3.2";
			developmentRegion = English;
			hasScannedForEncodings = 0;
			knownRegions = (
				en,
			);
			mainGroup = 0BD46C01147E9A8E00C3DFCF;
			productRefGroup = 0BD46C0D147E9A8F00C3DFCF /* Products */;
			projectDirPath = "";
			projectRoot = "";
			targets = (
				0BD46C0B147E9A8E00C3DFCF /* MobileTutsBlockEnumerationExample */,
			);
		};
/* End PBXProject section */

/* Begin PBXResourcesBuildPhase section */
		0BD46C0A147E9A8E00C3DFCF /* Resources */ = {
			isa = PBXResourcesBuildPhase;
			buildActionMask = 2147483647;
			files = (
				0BD46C1B147E9A8F00C3DFCF /* InfoPlist.strings in Resources */,
			);
			runOnlyForDeploymentPostprocessing = 0;
		};
/* End PBXResourcesBuildPhase section */

/* Begin PBXSourcesBuildPhase section */
		0BD46C08147E9A8E00C3DFCF /* Sources */ = {
			isa = PBXSourcesBuildPhase;
			buildActionMask = 2147483647;
			files = (
				0BD46C1D147E9A8F00C3DFCF /* main.m in Sources */,
				0BD46C21147E9A8F00C3DFCF /* AppDelegate.m in Sources */,
			);
			runOnlyForDeploymentPostprocessing = 0;
		};
/* End PBXSourcesBuildPhase section */

/* Begin PBXVariantGroup section */
		0BD46C19147E9A8F00C3DFCF /* InfoPlist.strings */ = {
			isa = PBXVariantGroup;
			children = (
				0BD46C1A147E9A8F00C3DFCF /* en */,
			);
			name = InfoPlist.strings;
			sourceTree = "<group>";
		};
/* End PBXVariantGroup section */

/* Begin XCBuildConfiguration section */
		0BD46C22147E9A8F00C3DFCF /* Debug */ = {
			isa = XCBuildConfiguration;
			buildSettings = {
				ALWAYS_SEARCH_USER_PATHS = NO;
				ARCHS = "$(ARCHS_STANDARD_32_BIT)";
				"CODE_SIGN_IDENTITY[sdk=iphoneos*]" = "iPhone Developer";
				COPY_PHASE_STRIP = NO;
				GCC_C_LANGUAGE_STANDARD = gnu99;
				GCC_DYNAMIC_NO_PIC = NO;
				GCC_OPTIMIZATION_LEVEL = 0;
				GCC_PREPROCESSOR_DEFINITIONS = (
					"DEBUG=1",
					"$(inherited)",
				);
				GCC_SYMBOLS_PRIVATE_EXTERN = NO;
				GCC_VERSION = com.apple.compilers.llvm.clang.1_0;
				GCC_WARN_ABOUT_MISSING_PROTOTYPES = YES;
				GCC_WARN_ABOUT_RETURN_TYPE = YES;
				GCC_WARN_UNUSED_VARIABLE = YES;
				IPHONEOS_DEPLOYMENT_TARGET = 5.0;
				SDKROOT = iphoneos;
			};
			name = Debug;
		};
		0BD46C23147E9A8F00C3DFCF /* Release */ = {
			isa = XCBuildConfiguration;
			buildSettings = {
				ALWAYS_SEARCH_USER_PATHS = NO;
				ARCHS = "$(ARCHS_STANDARD_32_BIT)";
				"CODE_SIGN_IDENTITY[sdk=iphoneos*]" = "iPhone Developer";
				COPY_PHASE_STRIP = YES;
				GCC_C_LANGUAGE_STANDARD = gnu99;
				GCC_VERSION = com.apple.compilers.llvm.clang.1_0;
				GCC_WARN_ABOUT_MISSING_PROTOTYPES = YES;
				GCC_WARN_ABOUT_RETURN_TYPE = YES;
				GCC_WARN_UNUSED_VARIABLE = YES;
				IPHONEOS_DEPLOYMENT_TARGET = 5.0;
				OTHER_CFLAGS = "-DNS_BLOCK_ASSERTIONS=1";
				SDKROOT = iphoneos;
				VALIDATE_PRODUCT = YES;
			};
			name = Release;
		};
		0BD46C25147E9A8F00C3DFCF /* Debug */ = {
			isa = XCBuildConfiguration;
			buildSettings = {
				GCC_PRECOMPILE_PREFIX_HEADER = YES;
				GCC_PREFIX_HEADER = "MobileTutsBlockEnumerationExample/MobileTutsBlockEnumerationExample-Prefix.pch";
				INFOPLIST_FILE = "MobileTutsBlockEnumerationExample/MobileTutsBlockEnumerationExample-Info.plist";
				PRODUCT_NAME = "$(TARGET_NAME)";
				WRAPPER_EXTENSION = app;
			};
			name = Debug;
		};
		0BD46C26147E9A8F00C3DFCF /* Release */ = {
			isa = XCBuildConfiguration;
			buildSettings = {
				GCC_PRECOMPILE_PREFIX_HEADER = YES;
				GCC_PREFIX_HEADER = "MobileTutsBlockEnumerationExample/MobileTutsBlockEnumerationExample-Prefix.pch";
				INFOPLIST_FILE = "MobileTutsBlockEnumerationExample/MobileTutsBlockEnumerationExample-Info.plist";
				PRODUCT_NAME = "$(TARGET_NAME)";
				WRAPPER_EXTENSION = app;
			};
			name = Release;
		};
/* End XCBuildConfiguration section */

/* Begin XCConfigurationList section */
		0BD46C06147E9A8E00C3DFCF /* Build configuration list for PBXProject "MobileTutsBlockEnumerationExample" */ = {
			isa = XCConfigurationList;
			buildConfigurations = (
				0BD46C22147E9A8F00C3DFCF /* Debug */,
				0BD46C23147E9A8F00C3DFCF /* Release */,
			);
			defaultConfigurationIsVisible = 0;
			defaultConfigurationName = Release;
		};
		0BD46C24147E9A8F00C3DFCF /* Build configuration list for PBXNativeTarget "MobileTutsBlockEnumerationExample" */ = {
			isa = XCConfigurationList;
			buildConfigurations = (
				0BD46C25147E9A8F00C3DFCF /* Debug */,
				0BD46C26147E9A8F00C3DFCF /* Release */,
			);
			defaultConfigurationIsVisible = 0;
		};
/* End XCConfigurationList section */
	};
	rootObject = 0BD46C03147E9A8E00C3DFCF /* Project object */;
}
